<?xml version="1.0" encoding="utf-8"?>
<Project ToolsVersion="4.0" xmlns="http://schemas.microsoft.com/developer/msbuild/2003">
  <ItemGroup>
    <Filter Include="Source Files">
      <UniqueIdentifier>{4FC737F1-C7A5-4376-A066-2A32D752A2FF}</UniqueIdentifier>
      <Extensions>cpp;c;cc;cxx;c++;cppm;ixx;def;odl;idl;hpj;bat;asm;asmx</Extensions>
    </Filter>
    <Filter Include="Header Files">
      <UniqueIdentifier>{93995380-89BD-4b04-88EB-625FBE52EBFB}</UniqueIdentifier>
      <Extensions>h;hh;hpp;hxx;h++;hm;inl;inc;ipp;xsd</Extensions>
    </Filter>
    <Filter Include="Resource Files">
      <UniqueIdentifier>{67DA6AB6-F800-4c08-8B7A-83BB121AAD01}</UniqueIdentifier>
      <Extensions>rc;ico;cur;bmp;dlg;rc2;rct;bin;rgs;gif;jpg;jpeg;jpe;resx;tiff;tif;png;wav;mfcribbon-ms</Extensions>
    </Filter>
    <Filter Include="Source Files\3rdparty">
      <UniqueIdentifier>{287fbdee-f469-4f45-88b4-394f0e91e269}</UniqueIdentifier>
    </Filter>
  </ItemGroup>
  <ItemGroup>
    <ClCompile Include="..\3rdparty\glad\src\glad.c">
      <Filter>Source Files\3rdparty</Filter>
    </ClCompile>
    <ClCompile Include="..\3rdparty\imgui\imgui.cpp">
      <Filter>Source Files\3rdparty</Filter>
    </ClCompile>
    <ClCompile Include="..\3rdparty\imgui\imgui_demo.cpp">
      <Filter>Source Files\3rdparty</Filter>
    </ClCompile>
    <ClCompile Include="..\3rdparty\imgui\imgui_draw.cpp">
      <Filter>Source Files\3rdparty</Filter>
    </ClCompile>
    <ClCompile Include="..\3rdparty\imgui\imgui_impl_glfw.cpp">
      <Filter>Source Files\3rdparty</Filter>
    </ClCompile>
    <ClCompile Include="..\3rdparty\imgui\imgui_impl_opengl3.cpp">
      <Filter>Source Files\3rdparty</Filter>
    </ClCompile>
    <ClCompile Include="..\3rdparty\imgui\imgui_tables.cpp">
      <Filter>Source Files\3rdparty</Filter>
    </ClCompile>
    <ClCompile Include="..\3rdparty\imgui\imgui_widgets.cpp">
      <Filter>Source Files\3rdparty</Filter>
    </ClCompile>
    <ClCompile Include="Main.cpp">
      <Filter>Source Files</Filter>
    </ClCompile>
    <ClCompile Include="Timer.cpp">
      <Filter>Source Files</Filter>
    </ClCompile>
    <ClCompile Include="Renderer.cpp">
      <Filter>Source Files</Filter>
    </ClCompile>
    <ClCompile Include="IVertexArray.cpp">
      <Filter>Source Files</Filter>
    </ClCompile>
    <ClCompile Include="PCNTVertexArray.cpp">
      <Filter>Source Files</Filter>
    </ClCompile>
    <ClCompile Include="Shader.cpp">
      <Filter>Source Files</Filter>
    </ClCompile>
    <ClCompile Include="BaseObject.cpp">
      <Filter>Source Files</Filter>
    </ClCompile>
    <ClCompile Include="PCTVertexArray.cpp">
      <Filter>Source Files</Filter>
    </ClCompile>
    <ClCompile Include="PCVertexArray.cpp">
      <Filter>Source Files</Filter>
    </ClCompile>
    <ClCompile Include="VertexGenerators.cpp">
      <Filter>Source Files</Filter>
    </ClCompile>
    <ClCompile Include="PCIVertexArray.cpp">
      <Filter>Source Files</Filter>
    </ClCompile>
    <ClCompile Include="Ray.cpp">
      <Filter>Source Files</Filter>
    </ClCompile>
    <ClCompile Include="GeometricLine.cpp">
      <Filter>Source Files</Filter>
    </ClCompile>
    <ClCompile Include="GeometricPlane.cpp">
      <Filter>Source Files</Filter>
    </ClCompile>
    <ClCompile Include="GraphicsObject.cpp">
      <Filter>Source Files</Filter>
    </ClCompile>
    <ClCompile Include="BoundingBox.cpp">
      <Filter>Source Files</Filter>
    </ClCompile>
  </ItemGroup>
  <ItemGroup>
    <ClInclude Include="Timer.h">
      <Filter>Header Files</Filter>
    </ClInclude>
    <ClInclude Include="GraphicsStructures.h">
      <Filter>Header Files</Filter>
    </ClInclude>
    <ClInclude Include="Renderer.h">
      <Filter>Header Files</Filter>
    </ClInclude>
    <ClInclude Include="IVertexArray.h">
      <Filter>Header Files</Filter>
    </ClInclude>
    <ClInclude Include="PCNTVertexArray.h">
      <Filter>Header Files</Filter>
    </ClInclude>
    <ClInclude Include="Shader.h">
      <Filter>Header Files</Filter>
    </ClInclude>
    <ClInclude Include="BaseObject.h">
      <Filter>Header Files</Filter>
    </ClInclude>
    <ClInclude Include="PCTVertexArray.h">
      <Filter>Header Files</Filter>
    </ClInclude>
    <ClInclude Include="PCVertexArray.h">
      <Filter>Header Files</Filter>
    </ClInclude>
    <ClInclude Include="VertexGenerators.h">
      <Filter>Header Files</Filter>
    </ClInclude>
    <ClInclude Include="VertexDataParams.h">
      <Filter>Header Files</Filter>
    </ClInclude>
    <ClInclude Include="GraphicsObject.h">
      <Filter>Header Files</Filter>
    </ClInclude>
    <ClInclude Include="PCIVertexArray.h">
      <Filter>Header Files</Filter>
    </ClInclude>
    <ClInclude Include="Ray.h">
      <Filter>Header Files</Filter>
    </ClInclude>
    <ClInclude Include="GeometricLine.h">
      <Filter>Header Files</Filter>
    </ClInclude>
    <ClInclude Include="GeometricPlane.h">
      <Filter>Header Files</Filter>
    </ClInclude>
    <ClInclude Include="BoundingBox.h">
      <Filter>Header Files</Filter>
    </ClInclude>
  </ItemGroup>
  <ItemGroup>
    <None Include="ambient.frag.glsl" />
    <None Include="basic.frag.glsl" />
    <None Include="basic.vert.glsl" />
    <None Include="diffuse.frag.glsl" />
    <None Include="globaldiffuse.frag.glsl" />
    <None Include="lighting.vert.glsl" />
    <None Include="lighting.frag.glsl" />
    <None Include="pc.vert.glsl" />
    <None Include="pc.frag.glsl" />
    <None Include="pci.vert.glsl" />
  </ItemGroup>
  <ItemGroup>
    <Image Include="lightbulb.png">
      <Filter>Resource Files</Filter>
    </Image>
    <Image Include="stone-road-texture.jpg">
      <Filter>Resource Files</Filter>
    </Image>
  </ItemGroup>
</Project>